
Microsoft Visual Studio Solution File, Format Version 12.00
# Visual Studio 15
VisualStudioVersion = 15.0.27703.2042
MinimumVisualStudioVersion = 10.0.40219.1
Project("{FAE04EC0-301F-11D3-BF4B-00C04F79EFBC}") = "ControllersAndActions", "ControllersAndActions\ControllersAndActions.csproj", "{A1210E39-84B3-468F-B327-28DC1CA6EA0E}"
EndProject
Project("{FAE04EC0-301F-11D3-BF4B-00C04F79EFBC}") = "ControllersAndActions.Tests", "ControllersAndActions.Tests\ControllersAndActions.Tests.csproj", "{D71CBD42-3891-4880-B0A9-607AC12491DD}"
EndProject
Global
	GlobalSection(SolutionConfigurationPlatforms) = preSolution
		Debug|Any CPU = Debug|Any CPU
		Release|Any CPU = Release|Any CPU
	EndGlobalSection
	GlobalSection(ProjectConfigurationPlatforms) = postSolution
		{A1210E39-84B3-468F-B327-28DC1CA6EA0E}.Debug|Any CPU.ActiveCfg = Debug|Any CPU
		{A1210E39-84B3-468F-B327-28DC1CA6EA0E}.Debug|Any CPU.Build.0 = Debug|Any CPU
		{A1210E39-84B3-468F-B327-28DC1CA6EA0E}.Release|Any CPU.ActiveCfg = Release|Any CPU
		{A1210E39-84B3-468F-B327-28DC1CA6EA0E}.Release|Any CPU.Build.0 = Release|Any CPU
		{D71CBD42-3891-4880-B0A9-607AC12491DD}.Debug|Any CPU.ActiveCfg = Debug|Any CPU
		{D71CBD42-3891-4880-B0A9-607AC12491DD}.Debug|Any CPU.Build.0 = Debug|Any CPU
		{D71CBD42-3891-4880-B0A9-607AC12491DD}.Release|Any CPU.ActiveCfg = Release|Any CPU
		{D71CBD42-3891-4880-B0A9-607AC12491DD}.Release|Any CPU.Build.0 = Release|Any CPU
	EndGlobalSection
	GlobalSection(SolutionProperties) = preSolution
		HideSolutionNode = FALSE
	EndGlobalSection
	GlobalSection(ExtensibilityGlobals) = postSolution
		SolutionGuid = {8A0A8F2F-B986-4AB8-BF9D-7D2D7F85510E}
	EndGlobalSection
EndGlobal
