
Microsoft Visual Studio Solution File, Format Version 12.00
# Visual Studio 15
VisualStudioVersion = 15.0.27703.2042
MinimumVisualStudioVersion = 10.0.40219.1
Project("{FAE04EC0-301F-11D3-BF4B-00C04F79EFBC}") = "Razor", "Razor\Razor.csproj", "{FAC1E45A-3E57-417C-A5B2-6C4FAFF98F4A}"
EndProject
Global
	GlobalSection(SolutionConfigurationPlatforms) = preSolution
		Debug|Any CPU = Debug|Any CPU
		Release|Any CPU = Release|Any CPU
	EndGlobalSection
	GlobalSection(ProjectConfigurationPlatforms) = postSolution
		{FAC1E45A-3E57-417C-A5B2-6C4FAFF98F4A}.Debug|Any CPU.ActiveCfg = Debug|Any CPU
		{FAC1E45A-3E57-417C-A5B2-6C4FAFF98F4A}.Debug|Any CPU.Build.0 = Debug|Any CPU
		{FAC1E45A-3E57-417C-A5B2-6C4FAFF98F4A}.Release|Any CPU.ActiveCfg = Release|Any CPU
		{FAC1E45A-3E57-417C-A5B2-6C4FAFF98F4A}.Release|Any CPU.Build.0 = Release|Any CPU
	EndGlobalSection
	GlobalSection(SolutionProperties) = preSolution
		HideSolutionNode = FALSE
	EndGlobalSection
	GlobalSection(ExtensibilityGlobals) = postSolution
		SolutionGuid = {8FA5B0A3-E151-46D4-8756-E59A6029D323}
	EndGlobalSection
EndGlobal
