
Microsoft Visual Studio Solution File, Format Version 12.00
# Visual Studio 15
VisualStudioVersion = 15.0.27703.2042
MinimumVisualStudioVersion = 10.0.40219.1
Project("{FAE04EC0-301F-11D3-BF4B-00C04F79EFBC}") = "DependencyInjection", "DependencyInjection\DependencyInjection.csproj", "{96EB482A-E820-4FF2-B98E-397610DFB9D3}"
EndProject
Project("{FAE04EC0-301F-11D3-BF4B-00C04F79EFBC}") = "DependencyInjection.Tests", "DependencyInjection.Tests\DependencyInjection.Tests.csproj", "{CC979DA8-11BB-4C51-B857-D609F2638D3C}"
EndProject
Global
	GlobalSection(SolutionConfigurationPlatforms) = preSolution
		Debug|Any CPU = Debug|Any CPU
		Release|Any CPU = Release|Any CPU
	EndGlobalSection
	GlobalSection(ProjectConfigurationPlatforms) = postSolution
		{96EB482A-E820-4FF2-B98E-397610DFB9D3}.Debug|Any CPU.ActiveCfg = Debug|Any CPU
		{96EB482A-E820-4FF2-B98E-397610DFB9D3}.Debug|Any CPU.Build.0 = Debug|Any CPU
		{96EB482A-E820-4FF2-B98E-397610DFB9D3}.Release|Any CPU.ActiveCfg = Release|Any CPU
		{96EB482A-E820-4FF2-B98E-397610DFB9D3}.Release|Any CPU.Build.0 = Release|Any CPU
		{CC979DA8-11BB-4C51-B857-D609F2638D3C}.Debug|Any CPU.ActiveCfg = Debug|Any CPU
		{CC979DA8-11BB-4C51-B857-D609F2638D3C}.Debug|Any CPU.Build.0 = Debug|Any CPU
		{CC979DA8-11BB-4C51-B857-D609F2638D3C}.Release|Any CPU.ActiveCfg = Release|Any CPU
		{CC979DA8-11BB-4C51-B857-D609F2638D3C}.Release|Any CPU.Build.0 = Release|Any CPU
	EndGlobalSection
	GlobalSection(SolutionProperties) = preSolution
		HideSolutionNode = FALSE
	EndGlobalSection
	GlobalSection(ExtensibilityGlobals) = postSolution
		SolutionGuid = {258F13A5-059C-4C4F-B61D-83AFF52D0611}
	EndGlobalSection
EndGlobal
