
Microsoft Visual Studio Solution File, Format Version 12.00
# Visual Studio 15
VisualStudioVersion = 15.0.27703.2042
MinimumVisualStudioVersion = 10.0.40219.1
Project("{FAE04EC0-301F-11D3-BF4B-00C04F79EFBC}") = "CitiesTagHelpers", "CitiesTagHelpers\CitiesTagHelpers.csproj", "{AC75AC0E-DC1C-4A40-9B4A-E0FAA9130BFD}"
EndProject
Project("{FAE04EC0-301F-11D3-BF4B-00C04F79EFBC}") = "CitiesTagHelpers.Tests", "CitiesTagHelpers.Tests\CitiesTagHelpers.Tests.csproj", "{C3C4AAEE-5AAB-4447-877F-3BAF5B733515}"
EndProject
Global
	GlobalSection(SolutionConfigurationPlatforms) = preSolution
		Debug|Any CPU = Debug|Any CPU
		Release|Any CPU = Release|Any CPU
	EndGlobalSection
	GlobalSection(ProjectConfigurationPlatforms) = postSolution
		{AC75AC0E-DC1C-4A40-9B4A-E0FAA9130BFD}.Debug|Any CPU.ActiveCfg = Debug|Any CPU
		{AC75AC0E-DC1C-4A40-9B4A-E0FAA9130BFD}.Debug|Any CPU.Build.0 = Debug|Any CPU
		{AC75AC0E-DC1C-4A40-9B4A-E0FAA9130BFD}.Release|Any CPU.ActiveCfg = Release|Any CPU
		{AC75AC0E-DC1C-4A40-9B4A-E0FAA9130BFD}.Release|Any CPU.Build.0 = Release|Any CPU
		{C3C4AAEE-5AAB-4447-877F-3BAF5B733515}.Debug|Any CPU.ActiveCfg = Debug|Any CPU
		{C3C4AAEE-5AAB-4447-877F-3BAF5B733515}.Debug|Any CPU.Build.0 = Debug|Any CPU
		{C3C4AAEE-5AAB-4447-877F-3BAF5B733515}.Release|Any CPU.ActiveCfg = Release|Any CPU
		{C3C4AAEE-5AAB-4447-877F-3BAF5B733515}.Release|Any CPU.Build.0 = Release|Any CPU
	EndGlobalSection
	GlobalSection(SolutionProperties) = preSolution
		HideSolutionNode = FALSE
	EndGlobalSection
	GlobalSection(ExtensibilityGlobals) = postSolution
		SolutionGuid = {A85B092E-253B-4CD6-8954-BF62E540672F}
	EndGlobalSection
EndGlobal
